// !$*UTF8*$!
{
	archiveVersion = 1;
	classes = {
	};
	objectVersion = 46;
	objects = {

/* Begin PBXBuildFile section */
		B6A87D671ABB46B70006878E /* main.m in Sources */ = {isa = PBXBuildFile; fileRef = B6A87D661ABB46B70006878E /* main.m */; };
		B6A87D6A1ABB46B70006878E /* AppDelegate.m in Sources */ = {isa = PBXBuildFile; fileRef = B6A87D691ABB46B70006878E /* AppDelegate.m */; };
		B6A87D6D1ABB46B70006878E /* ViewController.m in Sources */ = {isa = PBXBuildFile; fileRef = B6A87D6C1ABB46B70006878E /* ViewController.m */; };
		B6A87D701ABB46B70006878E /* Main.storyboard in Resources */ = {isa = PBXBuildFile; fileRef = B6A87D6E1ABB46B70006878E /* Main.storyboard */; };
		B6A87D721ABB46B70006878E /* Images.xcassets in Resources */ = {isa = PBXBuildFile; fileRef = B6A87D711ABB46B70006878E /* Images.xcassets */; };
		B6A87D751ABB46B70006878E /* LaunchScreen.xib in Resources */ = {isa = PBXBuildFile; fileRef = B6A87D731ABB46B70006878E /* LaunchScreen.xib */; };
		B6A87D811ABB46B70006878E /* RPM_ThingyTests.m in Sources */ = {isa = PBXBuildFile; fileRef = B6A87D801ABB46B70006878E /* RPM_ThingyTests.m */; };
		B6A87D8B1ABB484C0006878E /* Speedometer.png in Resources */ = {isa = PBXBuildFile; fileRef = B6A87D8A1ABB484C0006878E /* Speedometer.png */; };
		B6A87D8D1ABB48740006878E /* needle.png in Resources */ = {isa = PBXBuildFile; fileRef = B6A87D8C1ABB48740006878E /* needle.png */; };
/* End PBXBuildFile section */

/* Begin PBXContainerItemProxy section */
		B6A87D7B1ABB46B70006878E /* PBXContainerItemProxy */ = {
			isa = PBXContainerItemProxy;
			containerPortal = B6A87D591ABB46B70006878E /* Project object */;
			proxyType = 1;
			remoteGlobalIDString = B6A87D601ABB46B70006878E;
			remoteInfo = "RPM Thingy";
		};
/* End PBXContainerItemProxy section */

/* Begin PBXFileReference section */
		B6A87D611ABB46B70006878E /* RPM Thingy.app */ = {isa = PBXFileReference; explicitFileType = wrapper.application; includeInIndex = 0; path = "RPM Thingy.app"; sourceTree = BUILT_PRODUCTS_DIR; };
		B6A87D651ABB46B70006878E /* Info.plist */ = {isa = PBXFileReference; lastKnownFileType = text.plist.xml; path = Info.plist; sourceTree = "<group>"; };
		B6A87D661ABB46B70006878E /* main.m */ = {isa = PBXFileReference; lastKnownFileType = sourcecode.c.objc; path = main.m; sourceTree = "<group>"; };
		B6A87D681ABB46B70006878E /* AppDelegate.h */ = {isa = PBXFileReference; lastKnownFileType = sourcecode.c.h; path = AppDelegate.h; sourceTree = "<group>"; };
		B6A87D691ABB46B70006878E /* AppDelegate.m */ = {isa = PBXFileReference; lastKnownFileType = sourcecode.c.objc; path = AppDelegate.m; sourceTree = "<group>"; };
		B6A87D6B1ABB46B70006878E /* ViewController.h */ = {isa = PBXFileReference; lastKnownFileType = sourcecode.c.h; path = ViewController.h; sourceTree = "<group>"; };
		B6A87D6C1ABB46B70006878E /* ViewController.m */ = {isa = PBXFileReference; lastKnownFileType = sourcecode.c.objc; path = ViewController.m; sourceTree = "<group>"; };
		B6A87D6F1ABB46B70006878E /* Base */ = {isa = PBXFileReference; lastKnownFileType = file.storyboard; name = Base; path = Base.lproj/Main.storyboard; sourceTree = "<group>"; };
		B6A87D711ABB46B70006878E /* Images.xcassets */ = {isa = PBXFileReference; lastKnownFileType = folder.assetcatalog; path = Images.xcassets; sourceTree = "<group>"; };
		B6A87D741ABB46B70006878E /* Base */ = {isa = PBXFileReference; lastKnownFileType = file.xib; name = Base; path = Base.lproj/LaunchScreen.xib; sourceTree = "<group>"; };
		B6A87D7A1ABB46B70006878E /* RPM ThingyTests.xctest */ = {isa = PBXFileReference; explicitFileType = wrapper.cfbundle; includeInIndex = 0; path = "RPM ThingyTests.xctest"; sourceTree = BUILT_PRODUCTS_DIR; };
		B6A87D7F1ABB46B70006878E /* Info.plist */ = {isa = PBXFileReference; lastKnownFileType = text.plist.xml; path = Info.plist; sourceTree = "<group>"; };
		B6A87D801ABB46B70006878E /* RPM_ThingyTests.m */ = {isa = PBXFileReference; lastKnownFileType = sourcecode.c.objc; path = RPM_ThingyTests.m; sourceTree = "<group>"; };
		B6A87D8A1ABB484C0006878E /* Speedometer.png */ = {isa = PBXFileReference; lastKnownFileType = image.png; path = Speedometer.png; sourceTree = "<group>"; };
		B6A87D8C1ABB48740006878E /* needle.png */ = {isa = PBXFileReference; lastKnownFileType = image.png; path = needle.png; sourceTree = "<group>"; };
/* End PBXFileReference section */

/* Begin PBXFrameworksBuildPhase section */
		B6A87D5E1ABB46B70006878E /* Frameworks */ = {
			isa = PBXFrameworksBuildPhase;
			buildActionMask = 2147483647;
			files = (
			);
			runOnlyForDeploymentPostprocessing = 0;
		};
		B6A87D771ABB46B70006878E /* Frameworks */ = {
			isa = PBXFrameworksBuildPhase;
			buildActionMask = 2147483647;
			files = (
			);
			runOnlyForDeploymentPostprocessing = 0;
		};
/* End PBXFrameworksBuildPhase section */

/* Begin PBXGroup section */
		B6A87D581ABB46B70006878E = {
			isa = PBXGroup;
			children = (
				B6A87D631ABB46B70006878E /* RPM Thingy */,
				B6A87D7D1ABB46B70006878E /* RPM ThingyTests */,
				B6A87D621ABB46B70006878E /* Products */,
			);
			sourceTree = "<group>";
		};
		B6A87D621ABB46B70006878E /* Products */ = {
			isa = PBXGroup;
			children = (
				B6A87D611ABB46B70006878E /* RPM Thingy.app */,
				B6A87D7A1ABB46B70006878E /* RPM ThingyTests.xctest */,
			);
			name = Products;
			sourceTree = "<group>";
		};
		B6A87D631ABB46B70006878E /* RPM Thingy */ = {
			isa = PBXGroup;
			children = (
				B6A87D681ABB46B70006878E /* AppDelegate.h */,
				B6A87D691ABB46B70006878E /* AppDelegate.m */,
				B6A87D6B1ABB46B70006878E /* ViewController.h */,
				B6A87D6C1ABB46B70006878E /* ViewController.m */,
				B6A87D6E1ABB46B70006878E /* Main.storyboard */,
				B6A87D8C1ABB48740006878E /* needle.png */,
				B6A87D8A1ABB484C0006878E /* Speedometer.png */,
				B6A87D711ABB46B70006878E /* Images.xcassets */,
				B6A87D731ABB46B70006878E /* LaunchScreen.xib */,
				B6A87D641ABB46B70006878E /* Supporting Files */,
			);
			path = "RPM Thingy";
			sourceTree = "<group>";
		};
		B6A87D641ABB46B70006878E /* Supporting Files */ = {
			isa = PBXGroup;
			children = (
				B6A87D651ABB46B70006878E /* Info.plist */,
				B6A87D661ABB46B70006878E /* main.m */,
			);
			name = "Supporting Files";
			sourceTree = "<group>";
		};
		B6A87D7D1ABB46B70006878E /* RPM ThingyTests */ = {
			isa = PBXGroup;
			children = (
				B6A87D801ABB46B70006878E /* RPM_ThingyTests.m */,
				B6A87D7E1ABB46B70006878E /* Supporting Files */,
			);
			path = "RPM ThingyTests";
			sourceTree = "<group>";
		};
		B6A87D7E1ABB46B70006878E /* Supporting Files */ = {
			isa = PBXGroup;
			children = (
				B6A87D7F1ABB46B70006878E /* Info.plist */,
			);
			name = "Supporting Files";
			sourceTree = "<group>";
		};
/* End PBXGroup section */

/* Begin PBXNativeTarget section */
		B6A87D601ABB46B70006878E /* RPM Thingy */ = {
			isa = PBXNativeTarget;
			buildConfigurationList = B6A87D841ABB46B70006878E /* Build configuration list for PBXNativeTarget "RPM Thingy" */;
			buildPhases = (
				B6A87D5D1ABB46B70006878E /* Sources */,
				B6A87D5E1ABB46B70006878E /* Frameworks */,
				B6A87D5F1ABB46B70006878E /* Resources */,
			);
			buildRules = (
			);
			dependencies = (
			);
			name = "RPM Thingy";
			productName = "RPM Thingy";
			productReference = B6A87D611ABB46B70006878E /* RPM Thingy.app */;
			productType = "com.apple.product-type.application";
		};
		B6A87D791ABB46B70006878E /* RPM ThingyTests */ = {
			isa = PBXNativeTarget;
			buildConfigurationList = B6A87D871ABB46B70006878E /* Build configuration list for PBXNativeTarget "RPM ThingyTests" */;
			buildPhases = (
				B6A87D761ABB46B70006878E /* Sources */,
				B6A87D771ABB46B70006878E /* Frameworks */,
				B6A87D781ABB46B70006878E /* Resources */,
			);
			buildRules = (
			);
			dependencies = (
				B6A87D7C1ABB46B70006878E /* PBXTargetDependency */,
			);
			name = "RPM ThingyTests";
			productName = "RPM ThingyTests";
			productReference = B6A87D7A1ABB46B70006878E /* RPM ThingyTests.xctest */;
			productType = "com.apple.product-type.bundle.unit-test";
		};
/* End PBXNativeTarget section */

/* Begin PBXProject section */
		B6A87D591ABB46B70006878E /* Project object */ = {
			isa = PBXProject;
			attributes = {
				LastUpgradeCheck = 0620;
				ORGANIZATIONNAME = cghcapital;
				TargetAttributes = {
					B6A87D601ABB46B70006878E = {
						CreatedOnToolsVersion = 6.2;
					};
					B6A87D791ABB46B70006878E = {
						CreatedOnToolsVersion = 6.2;
						TestTargetID = B6A87D601ABB46B70006878E;
					};
				};
			};
			buildConfigurationList = B6A87D5C1ABB46B70006878E /* Build configuration list for PBXProject "RPM Thingy" */;
			compatibilityVersion = "Xcode 3.2";
			developmentRegion = English;
			hasScannedForEncodings = 0;
			knownRegions = (
				en,
				Base,
			);
			mainGroup = B6A87D581ABB46B70006878E;
			productRefGroup = B6A87D621ABB46B70006878E /* Products */;
			projectDirPath = "";
			projectRoot = "";
			targets = (
				B6A87D601ABB46B70006878E /* RPM Thingy */,
				B6A87D791ABB46B70006878E /* RPM ThingyTests */,
			);
		};
/* End PBXProject section */

/* Begin PBXResourcesBuildPhase section */
		B6A87D5F1ABB46B70006878E /* Resources */ = {
			isa = PBXResourcesBuildPhase;
			buildActionMask = 2147483647;
			files = (
				B6A87D701ABB46B70006878E /* Main.storyboard in Resources */,
				B6A87D8D1ABB48740006878E /* needle.png in Resources */,
				B6A87D751ABB46B70006878E /* LaunchScreen.xib in Resources */,
				B6A87D721ABB46B70006878E /* Images.xcassets in Resources */,
				B6A87D8B1ABB484C0006878E /* Speedometer.png in Resources */,
			);
			runOnlyForDeploymentPostprocessing = 0;
		};
		B6A87D781ABB46B70006878E /* Resources */ = {
			isa = PBXResourcesBuildPhase;
			buildActionMask = 2147483647;
			files = (
			);
			runOnlyForDeploymentPostprocessing = 0;
		};
/* End PBXResourcesBuildPhase section */

/* Begin PBXSourcesBuildPhase section */
		B6A87D5D1ABB46B70006878E /* Sources */ = {
			isa = PBXSourcesBuildPhase;
			buildActionMask = 2147483647;
			files = (
				B6A87D6D1ABB46B70006878E /* ViewController.m in Sources */,
				B6A87D6A1ABB46B70006878E /* AppDelegate.m in Sources */,
				B6A87D671ABB46B70006878E /* main.m in Sources */,
			);
			runOnlyForDeploymentPostprocessing = 0;
		};
		B6A87D761ABB46B70006878E /* Sources */ = {
			isa = PBXSourcesBuildPhase;
			buildActionMask = 2147483647;
			files = (
				B6A87D811ABB46B70006878E /* RPM_ThingyTests.m in Sources */,
			);
			runOnlyForDeploymentPostprocessing = 0;
		};
/* End PBXSourcesBuildPhase section */

/* Begin PBXTargetDependency section */
		B6A87D7C1ABB46B70006878E /* PBXTargetDependency */ = {
			isa = PBXTargetDependency;
			target = B6A87D601ABB46B70006878E /* RPM Thingy */;
			targetProxy = B6A87D7B1ABB46B70006878E /* PBXContainerItemProxy */;
		};
/* End PBXTargetDependency section */

/* Begin PBXVariantGroup section */
		B6A87D6E1ABB46B70006878E /* Main.storyboard */ = {
			isa = PBXVariantGroup;
			children = (
				B6A87D6F1ABB46B70006878E /* Base */,
			);
			name = Main.storyboard;
			sourceTree = "<group>";
		};
		B6A87D731ABB46B70006878E /* LaunchScreen.xib */ = {
			isa = PBXVariantGroup;
			children = (
				B6A87D741ABB46B70006878E /* Base */,
			);
			name = LaunchScreen.xib;
			sourceTree = "<group>";
		};
/* End PBXVariantGroup section */

/* Begin XCBuildConfiguration section */
		B6A87D821ABB46B70006878E /* Debug */ = {
			isa = XCBuildConfiguration;
			buildSettings = {
				ALWAYS_SEARCH_USER_PATHS = NO;
				CLANG_CXX_LANGUAGE_STANDARD = "gnu++0x";
				CLANG_CXX_LIBRARY = "libc++";
				CLANG_ENABLE_MODULES = YES;
				CLANG_ENABLE_OBJC_ARC = YES;
				CLANG_WARN_BOOL_CONVERSION = YES;
				CLANG_WARN_CONSTANT_CONVERSION = YES;
				CLANG_WARN_DIRECT_OBJC_ISA_USAGE = YES_ERROR;
				CLANG_WARN_EMPTY_BODY = YES;
				CLANG_WARN_ENUM_CONVERSION = YES;
				CLANG_WARN_INT_CONVERSION = YES;
				CLANG_WARN_OBJC_ROOT_CLASS = YES_ERROR;
				CLANG_WARN_UNREACHABLE_CODE = YES;
				CLANG_WARN__DUPLICATE_METHOD_MATCH = YES;
				"CODE_SIGN_IDENTITY[sdk=iphoneos*]" = "iPhone Developer";
				COPY_PHASE_STRIP = NO;
				ENABLE_STRICT_OBJC_MSGSEND = YES;
				GCC_C_LANGUAGE_STANDARD = gnu99;
				GCC_DYNAMIC_NO_PIC = NO;
				GCC_OPTIMIZATION_LEVEL = 0;
				GCC_PREPROCESSOR_DEFINITIONS = (
					"DEBUG=1",
					"$(inherited)",
				);
				GCC_SYMBOLS_PRIVATE_EXTERN = NO;
				GCC_WARN_64_TO_32_BIT_CONVERSION = YES;
				GCC_WARN_ABOUT_RETURN_TYPE = YES_ERROR;
				GCC_WARN_UNDECLARED_SELECTOR = YES;
				GCC_WARN_UNINITIALIZED_AUTOS = YES_AGGRESSIVE;
				GCC_WARN_UNUSED_FUNCTION = YES;
				GCC_WARN_UNUSED_VARIABLE = YES;
				IPHONEOS_DEPLOYMENT_TARGET = 8.2;
				MTL_ENABLE_DEBUG_INFO = YES;
				ONLY_ACTIVE_ARCH = YES;
				SDKROOT = iphoneos;
			};
			name = Debug;
		};
		B6A87D831ABB46B70006878E /* Release */ = {
			isa = XCBuildConfiguration;
			buildSettings = {
				ALWAYS_SEARCH_USER_PATHS = NO;
				CLANG_CXX_LANGUAGE_STANDARD = "gnu++0x";
				CLANG_CXX_LIBRARY = "libc++";
				CLANG_ENABLE_MODULES = YES;
				CLANG_ENABLE_OBJC_ARC = YES;
				CLANG_WARN_BOOL_CONVERSION = YES;
				CLANG_WARN_CONSTANT_CONVERSION = YES;
				CLANG_WARN_DIRECT_OBJC_ISA_USAGE = YES_ERROR;
				CLANG_WARN_EMPTY_BODY = YES;
				CLANG_WARN_ENUM_CONVERSION = YES;
				CLANG_WARN_INT_CONVERSION = YES;
				CLANG_WARN_OBJC_ROOT_CLASS = YES_ERROR;
				CLANG_WARN_UNREACHABLE_CODE = YES;
				CLANG_WARN__DUPLICATE_METHOD_MATCH = YES;
				"CODE_SIGN_IDENTITY[sdk=iphoneos*]" = "iPhone Developer";
				COPY_PHASE_STRIP = NO;
				ENABLE_NS_ASSERTIONS = NO;
				ENABLE_STRICT_OBJC_MSGSEND = YES;
				GCC_C_LANGUAGE_STANDARD = gnu99;
				GCC_WARN_64_TO_32_BIT_CONVERSION = YES;
				GCC_WARN_ABOUT_RETURN_TYPE = YES_ERROR;
				GCC_WARN_UNDECLARED_SELECTOR = YES;
				GCC_WARN_UNINITIALIZED_AUTOS = YES_AGGRESSIVE;
				GCC_WARN_UNUSED_FUNCTION = YES;
				GCC_WARN_UNUSED_VARIABLE = YES;
				IPHONEOS_DEPLOYMENT_TARGET = 8.2;
				MTL_ENABLE_DEBUG_INFO = NO;
				SDKROOT = iphoneos;
				VALIDATE_PRODUCT = YES;
			};
			name = Release;
		};
		B6A87D851ABB46B70006878E /* Debug */ = {
			isa = XCBuildConfiguration;
			buildSettings = {
				ASSETCATALOG_COMPILER_APPICON_NAME = AppIcon;
				INFOPLIST_FILE = "RPM Thingy/Info.plist";
				LD_RUNPATH_SEARCH_PATHS = "$(inherited) @executable_path/Frameworks";
				PRODUCT_NAME = "$(TARGET_NAME)";
			};
			name = Debug;
		};
		B6A87D861ABB46B70006878E /* Release */ = {
			isa = XCBuildConfiguration;
			buildSettings = {
				ASSETCATALOG_COMPILER_APPICON_NAME = AppIcon;
				INFOPLIST_FILE = "RPM Thingy/Info.plist";
				LD_RUNPATH_SEARCH_PATHS = "$(inherited) @executable_path/Frameworks";
				PRODUCT_NAME = "$(TARGET_NAME)";
			};
			name = Release;
		};
		B6A87D881ABB46B70006878E /* Debug */ = {
			isa = XCBuildConfiguration;
			buildSettings = {
				BUNDLE_LOADER = "$(TEST_HOST)";
				FRAMEWORK_SEARCH_PATHS = (
					"$(SDKROOT)/Developer/Library/Frameworks",
					"$(inherited)",
				);
				GCC_PREPROCESSOR_DEFINITIONS = (
					"DEBUG=1",
					"$(inherited)",
				);
				INFOPLIST_FILE = "RPM ThingyTests/Info.plist";
				LD_RUNPATH_SEARCH_PATHS = "$(inherited) @executable_path/Frameworks @loader_path/Frameworks";
				PRODUCT_NAME = "$(TARGET_NAME)";
				TEST_HOST = "$(BUILT_PRODUCTS_DIR)/RPM Thingy.app/RPM Thingy";
			};
			name = Debug;
		};
		B6A87D891ABB46B70006878E /* Release */ = {
			isa = XCBuildConfiguration;
			buildSettings = {
				BUNDLE_LOADER = "$(TEST_HOST)";
				FRAMEWORK_SEARCH_PATHS = (
					"$(SDKROOT)/Developer/Library/Frameworks",
					"$(inherited)",
				);
				INFOPLIST_FILE = "RPM ThingyTests/Info.plist";
				LD_RUNPATH_SEARCH_PATHS = "$(inherited) @executable_path/Frameworks @loader_path/Frameworks";
				PRODUCT_NAME = "$(TARGET_NAME)";
				TEST_HOST = "$(BUILT_PRODUCTS_DIR)/RPM Thingy.app/RPM Thingy";
			};
			name = Release;
		};
/* End XCBuildConfiguration section */

/* Begin XCConfigurationList section */
		B6A87D5C1ABB46B70006878E /* Build configuration list for PBXProject "RPM Thingy" */ = {
			isa = XCConfigurationList;
			buildConfigurations = (
				B6A87D821ABB46B70006878E /* Debug */,
				B6A87D831ABB46B70006878E /* Release */,
			);
			defaultConfigurationIsVisible = 0;
			defaultConfigurationName = Release;
		};
		B6A87D841ABB46B70006878E /* Build configuration list for PBXNativeTarget "RPM Thingy" */ = {
			isa = XCConfigurationList;
			buildConfigurations = (
				B6A87D851ABB46B70006878E /* Debug */,
				B6A87D861ABB46B70006878E /* Release */,
			);
			defaultConfigurationIsVisible = 0;
		};
		B6A87D871ABB46B70006878E /* Build configuration list for PBXNativeTarget "RPM ThingyTests" */ = {
			isa = XCConfigurationList;
			buildConfigurations = (
				B6A87D881ABB46B70006878E /* Debug */,
				B6A87D891ABB46B70006878E /* Release */,
			);
			defaultConfigurationIsVisible = 0;
		};
/* End XCConfigurationList section */
	};
	rootObject = B6A87D591ABB46B70006878E /* Project object */;
}
